{
  "name": "clinic",
  "requires": true,
  "lockfileVersion": 1,
  "dependencies": {
    "angular": {
      "version": "1.7.5",
      "resolved": "https://registry.npmjs.org/angular/-/angular-1.7.5.tgz",
      "integrity": "sha512-760183yxtGzni740IBTieNuWLtPNAoMqvmC0Z62UoU0I3nqk+VJuO3JbQAXOyvo3Oy/ZsdNQwrSTh/B0OQZjNw=="
    },
    "angularjs-rails-resource": {
      "version": "2.3.1",
      "resolved": "https://registry.npmjs.org/angularjs-rails-resource/-/angularjs-rails-resource-2.3.1.tgz",
      "integrity": "sha512-qA3WQT4kv7RvSgHj5v2pg8NL9cgFQ7g1NkwaBzVeLCsKI6UigHuR/CDr5pDtYcPk9aKKKW5lVWemoeAQw5jW2w==",
      "requires": {
        "angular": "1.7.5"
      }
    }
  }
}
